Microsoft Visual Studio Solution File, Format Version 11.00
# Visual Studio 2008

Project("{D2C4FF92-41FE-ADEB-974D-4117A8B4055C}") = "Slide2", "Assembly-CSharp-firstpass.csproj", "{B459DD13-D8F5-A3CF-C4C4-E243001B93D2}"
EndProject
Project("{D2C4FF92-41FE-ADEB-974D-4117A8B4055C}") = "Slide2", "Assembly-CSharp-Editor.csproj", "{E77D5024-87A2-5780-0E94-2F3D41C8B16E}"
EndProject
Global
	GlobalSection(SolutionConfigurationPlatforms) = preSolution
		Debug|Any CPU = Debug|Any CPU
		Release|Any CPU = Release|Any CPU
	EndGlobalSection
	GlobalSection(ProjectConfigurationPlatforms) = postSolution
		{B459DD13-D8F5-A3CF-C4C4-E243001B93D2}.Debug|Any CPU.ActiveCfg = Debug|Any CPU
		{B459DD13-D8F5-A3CF-C4C4-E243001B93D2}.Debug|Any CPU.Build.0 = Debug|Any CPU
		{B459DD13-D8F5-A3CF-C4C4-E243001B93D2}.Release|Any CPU.ActiveCfg = Release|Any CPU
		{B459DD13-D8F5-A3CF-C4C4-E243001B93D2}.Release|Any CPU.Build.0 = Release|Any CPU
		{E77D5024-87A2-5780-0E94-2F3D41C8B16E}.Debug|Any CPU.ActiveCfg = Debug|Any CPU
		{E77D5024-87A2-5780-0E94-2F3D41C8B16E}.Debug|Any CPU.Build.0 = Debug|Any CPU
		{E77D5024-87A2-5780-0E94-2F3D41C8B16E}.Release|Any CPU.ActiveCfg = Release|Any CPU
		{E77D5024-87A2-5780-0E94-2F3D41C8B16E}.Release|Any CPU.Build.0 = Release|Any CPU
	EndGlobalSection
	GlobalSection(SolutionProperties) = preSolution
		HideSolutionNode = FALSE
	EndGlobalSection
					GlobalSection(MonoDevelopProperties) = preSolution
		StartupItem = Assembly-CSharp.csproj
		Policies = $0
		$0.TextStylePolicy = $1
		$1.inheritsSet = null
		$1.scope = text/x-csharp
		$0.CSharpFormattingPolicy = $2
		$2.inheritsSet = Mono
		$2.inheritsScope = text/x-csharp
		$2.scope = text/x-csharp
		$0.TextStylePolicy = $3
		$3.FileWidth = 120
		$3.TabWidth = 4
		$3.IndentWidth = 4
		$3.EolMarker = Unix
		$3.inheritsSet = Mono
		$3.inheritsScope = text/plain
		$3.scope = text/plain
	EndGlobalSection

EndGlobal
